// !$*UTF8*$!
{
	archiveVersion = 1;
	classes = {
	};
	objectVersion = 46;
	objects = {

/* Begin PBXBuildFile section */
		F2ED358D18F04A3A00DB942E /* Foundation.framework in Frameworks */ = {isa = PBXBuildFile; fileRef = F2ED358C18F04A3A00DB942E /* Foundation.framework */; };
		F2ED358F18F04A3A00DB942E /* CoreGraphics.framework in Frameworks */ = {isa = PBXBuildFile; fileRef = F2ED358E18F04A3A00DB942E /* CoreGraphics.framework */; };
		F2ED359118F04A3A00DB942E /* UIKit.framework in Frameworks */ = {isa = PBXBuildFile; fileRef = F2ED359018F04A3A00DB942E /* UIKit.framework */; };
		F2ED359718F04A3A00DB942E /* InfoPlist.strings in Resources */ = {isa = PBXBuildFile; fileRef = F2ED359518F04A3A00DB942E /* InfoPlist.strings */; };
		F2ED359918F04A3A00DB942E /* main.m in Sources */ = {isa = PBXBuildFile; fileRef = F2ED359818F04A3A00DB942E /* main.m */; };
		F2ED359D18F04A3A00DB942E /* AppDelegate.m in Sources */ = {isa = PBXBuildFile; fileRef = F2ED359C18F04A3A00DB942E /* AppDelegate.m */; };
		F2ED35A018F04A3A00DB942E /* Main.storyboard in Resources */ = {isa = PBXBuildFile; fileRef = F2ED359E18F04A3A00DB942E /* Main.storyboard */; };
		F2ED35A318F04A3A00DB942E /* ViewController.m in Sources */ = {isa = PBXBuildFile; fileRef = F2ED35A218F04A3A00DB942E /* ViewController.m */; };
		F2ED35A518F04A3A00DB942E /* Images.xcassets in Resources */ = {isa = PBXBuildFile; fileRef = F2ED35A418F04A3A00DB942E /* Images.xcassets */; };
		F2ED35AC18F04A3A00DB942E /* XCTest.framework in Frameworks */ = {isa = PBXBuildFile; fileRef = F2ED35AB18F04A3A00DB942E /* XCTest.framework */; };
		F2ED35AD18F04A3A00DB942E /* Foundation.framework in Frameworks */ = {isa = PBXBuildFile; fileRef = F2ED358C18F04A3A00DB942E /* Foundation.framework */; };
		F2ED35AE18F04A3A00DB942E /* UIKit.framework in Frameworks */ = {isa = PBXBuildFile; fileRef = F2ED359018F04A3A00DB942E /* UIKit.framework */; };
		F2ED35B618F04A3A00DB942E /* InfoPlist.strings in Resources */ = {isa = PBXBuildFile; fileRef = F2ED35B418F04A3A00DB942E /* InfoPlist.strings */; };
		F2ED35B818F04A3A00DB942E /* DataTypesTests.m in Sources */ = {isa = PBXBuildFile; fileRef = F2ED35B718F04A3A00DB942E /* DataTypesTests.m */; };
/* End PBXBuildFile section */

/* Begin PBXContainerItemProxy section */
		F2ED35AF18F04A3A00DB942E /* PBXContainerItemProxy */ = {
			isa = PBXContainerItemProxy;
			containerPortal = F2ED358118F04A3A00DB942E /* Project object */;
			proxyType = 1;
			remoteGlobalIDString = F2ED358818F04A3A00DB942E;
			remoteInfo = DataTypes;
		};
/* End PBXContainerItemProxy section */

/* Begin PBXFileReference section */
		F2ED358918F04A3A00DB942E /* DataTypes.app */ = {isa = PBXFileReference; explicitFileType = wrapper.application; includeInIndex = 0; path = DataTypes.app; sourceTree = BUILT_PRODUCTS_DIR; };
		F2ED358C18F04A3A00DB942E /* Foundation.framework */ = {isa = PBXFileReference; lastKnownFileType = wrapper.framework; name = Foundation.framework; path = System/Library/Frameworks/Foundation.framework; sourceTree = SDKROOT; };
		F2ED358E18F04A3A00DB942E /* CoreGraphics.framework */ = {isa = PBXFileReference; lastKnownFileType = wrapper.framework; name = CoreGraphics.framework; path = System/Library/Frameworks/CoreGraphics.framework; sourceTree = SDKROOT; };
		F2ED359018F04A3A00DB942E /* UIKit.framework */ = {isa = PBXFileReference; lastKnownFileType = wrapper.framework; name = UIKit.framework; path = System/Library/Frameworks/UIKit.framework; sourceTree = SDKROOT; };
		F2ED359418F04A3A00DB942E /* DataTypes-Info.plist */ = {isa = PBXFileReference; lastKnownFileType = text.plist.xml; path = "DataTypes-Info.plist"; sourceTree = "<group>"; };
		F2ED359618F04A3A00DB942E /* en */ = {isa = PBXFileReference; lastKnownFileType = text.plist.strings; name = en; path = en.lproj/InfoPlist.strings; sourceTree = "<group>"; };
		F2ED359818F04A3A00DB942E /* main.m */ = {isa = PBXFileReference; lastKnownFileType = sourcecode.c.objc; path = main.m; sourceTree = "<group>"; };
		F2ED359A18F04A3A00DB942E /* DataTypes-Prefix.pch */ = {isa = PBXFileReference; lastKnownFileType = sourcecode.c.h; path = "DataTypes-Prefix.pch"; sourceTree = "<group>"; };
		F2ED359B18F04A3A00DB942E /* AppDelegate.h */ = {isa = PBXFileReference; lastKnownFileType = sourcecode.c.h; path = AppDelegate.h; sourceTree = "<group>"; };
		F2ED359C18F04A3A00DB942E /* AppDelegate.m */ = {isa = PBXFileReference; lastKnownFileType = sourcecode.c.objc; path = AppDelegate.m; sourceTree = "<group>"; };
		F2ED359F18F04A3A00DB942E /* Base */ = {isa = PBXFileReference; lastKnownFileType = file.storyboard; name = Base; path = Base.lproj/Main.storyboard; sourceTree = "<group>"; };
		F2ED35A118F04A3A00DB942E /* ViewController.h */ = {isa = PBXFileReference; lastKnownFileType = sourcecode.c.h; path = ViewController.h; sourceTree = "<group>"; };
		F2ED35A218F04A3A00DB942E /* ViewController.m */ = {isa = PBXFileReference; lastKnownFileType = sourcecode.c.objc; path = ViewController.m; sourceTree = "<group>"; };
		F2ED35A418F04A3A00DB942E /* Images.xcassets */ = {isa = PBXFileReference; lastKnownFileType = folder.assetcatalog; path = Images.xcassets; sourceTree = "<group>"; };
		F2ED35AA18F04A3A00DB942E /* DataTypesTests.xctest */ = {isa = PBXFileReference; explicitFileType = wrapper.cfbundle; includeInIndex = 0; path = DataTypesTests.xctest; sourceTree = BUILT_PRODUCTS_DIR; };
		F2ED35AB18F04A3A00DB942E /* XCTest.framework */ = {isa = PBXFileReference; lastKnownFileType = wrapper.framework; name = XCTest.framework; path = Library/Frameworks/XCTest.framework; sourceTree = DEVELOPER_DIR; };
		F2ED35B318F04A3A00DB942E /* DataTypesTests-Info.plist */ = {isa = PBXFileReference; lastKnownFileType = text.plist.xml; path = "DataTypesTests-Info.plist"; sourceTree = "<group>"; };
		F2ED35B518F04A3A00DB942E /* en */ = {isa = PBXFileReference; lastKnownFileType = text.plist.strings; name = en; path = en.lproj/InfoPlist.strings; sourceTree = "<group>"; };
		F2ED35B718F04A3A00DB942E /* DataTypesTests.m */ = {isa = PBXFileReference; lastKnownFileType = sourcecode.c.objc; path = DataTypesTests.m; sourceTree = "<group>"; };
/* End PBXFileReference section */

/* Begin PBXFrameworksBuildPhase section */
		F2ED358618F04A3A00DB942E /* Frameworks */ = {
			isa = PBXFrameworksBuildPhase;
			buildActionMask = 2147483647;
			files = (
				F2ED358F18F04A3A00DB942E /* CoreGraphics.framework in Frameworks */,
				F2ED359118F04A3A00DB942E /* UIKit.framework in Frameworks */,
				F2ED358D18F04A3A00DB942E /* Foundation.framework in Frameworks */,
			);
			runOnlyForDeploymentPostprocessing = 0;
		};
		F2ED35A718F04A3A00DB942E /* Frameworks */ = {
			isa = PBXFrameworksBuildPhase;
			buildActionMask = 2147483647;
			files = (
				F2ED35AC18F04A3A00DB942E /* XCTest.framework in Frameworks */,
				F2ED35AE18F04A3A00DB942E /* UIKit.framework in Frameworks */,
				F2ED35AD18F04A3A00DB942E /* Foundation.framework in Frameworks */,
			);
			runOnlyForDeploymentPostprocessing = 0;
		};
/* End PBXFrameworksBuildPhase section */

/* Begin PBXGroup section */
		F2ED358018F04A3A00DB942E = {
			isa = PBXGroup;
			children = (
				F2ED359218F04A3A00DB942E /* DataTypes */,
				F2ED35B118F04A3A00DB942E /* DataTypesTests */,
				F2ED358B18F04A3A00DB942E /* Frameworks */,
				F2ED358A18F04A3A00DB942E /* Products */,
			);
			sourceTree = "<group>";
		};
		F2ED358A18F04A3A00DB942E /* Products */ = {
			isa = PBXGroup;
			children = (
				F2ED358918F04A3A00DB942E /* DataTypes.app */,
				F2ED35AA18F04A3A00DB942E /* DataTypesTests.xctest */,
			);
			name = Products;
			sourceTree = "<group>";
		};
		F2ED358B18F04A3A00DB942E /* Frameworks */ = {
			isa = PBXGroup;
			children = (
				F2ED358C18F04A3A00DB942E /* Foundation.framework */,
				F2ED358E18F04A3A00DB942E /* CoreGraphics.framework */,
				F2ED359018F04A3A00DB942E /* UIKit.framework */,
				F2ED35AB18F04A3A00DB942E /* XCTest.framework */,
			);
			name = Frameworks;
			sourceTree = "<group>";
		};
		F2ED359218F04A3A00DB942E /* DataTypes */ = {
			isa = PBXGroup;
			children = (
				F2ED359B18F04A3A00DB942E /* AppDelegate.h */,
				F2ED359C18F04A3A00DB942E /* AppDelegate.m */,
				F2ED359E18F04A3A00DB942E /* Main.storyboard */,
				F2ED35A118F04A3A00DB942E /* ViewController.h */,
				F2ED35A218F04A3A00DB942E /* ViewController.m */,
				F2ED35A418F04A3A00DB942E /* Images.xcassets */,
				F2ED359318F04A3A00DB942E /* Supporting Files */,
			);
			path = DataTypes;
			sourceTree = "<group>";
		};
		F2ED359318F04A3A00DB942E /* Supporting Files */ = {
			isa = PBXGroup;
			children = (
				F2ED359418F04A3A00DB942E /* DataTypes-Info.plist */,
				F2ED359518F04A3A00DB942E /* InfoPlist.strings */,
				F2ED359818F04A3A00DB942E /* main.m */,
				F2ED359A18F04A3A00DB942E /* DataTypes-Prefix.pch */,
			);
			name = "Supporting Files";
			sourceTree = "<group>";
		};
		F2ED35B118F04A3A00DB942E /* DataTypesTests */ = {
			isa = PBXGroup;
			children = (
				F2ED35B718F04A3A00DB942E /* DataTypesTests.m */,
				F2ED35B218F04A3A00DB942E /* Supporting Files */,
			);
			path = DataTypesTests;
			sourceTree = "<group>";
		};
		F2ED35B218F04A3A00DB942E /* Supporting Files */ = {
			isa = PBXGroup;
			children = (
				F2ED35B318F04A3A00DB942E /* DataTypesTests-Info.plist */,
				F2ED35B418F04A3A00DB942E /* InfoPlist.strings */,
			);
			name = "Supporting Files";
			sourceTree = "<group>";
		};
/* End PBXGroup section */

/* Begin PBXNativeTarget section */
		F2ED358818F04A3A00DB942E /* DataTypes */ = {
			isa = PBXNativeTarget;
			buildConfigurationList = F2ED35BB18F04A3A00DB942E /* Build configuration list for PBXNativeTarget "DataTypes" */;
			buildPhases = (
				F2ED358518F04A3A00DB942E /* Sources */,
				F2ED358618F04A3A00DB942E /* Frameworks */,
				F2ED358718F04A3A00DB942E /* Resources */,
			);
			buildRules = (
			);
			dependencies = (
			);
			name = DataTypes;
			productName = DataTypes;
			productReference = F2ED358918F04A3A00DB942E /* DataTypes.app */;
			productType = "com.apple.product-type.application";
		};
		F2ED35A918F04A3A00DB942E /* DataTypesTests */ = {
			isa = PBXNativeTarget;
			buildConfigurationList = F2ED35BE18F04A3A00DB942E /* Build configuration list for PBXNativeTarget "DataTypesTests" */;
			buildPhases = (
				F2ED35A618F04A3A00DB942E /* Sources */,
				F2ED35A718F04A3A00DB942E /* Frameworks */,
				F2ED35A818F04A3A00DB942E /* Resources */,
			);
			buildRules = (
			);
			dependencies = (
				F2ED35B018F04A3A00DB942E /* PBXTargetDependency */,
			);
			name = DataTypesTests;
			productName = DataTypesTests;
			productReference = F2ED35AA18F04A3A00DB942E /* DataTypesTests.xctest */;
			productType = "com.apple.product-type.bundle.unit-test";
		};
/* End PBXNativeTarget section */

/* Begin PBXProject section */
		F2ED358118F04A3A00DB942E /* Project object */ = {
			isa = PBXProject;
			attributes = {
				LastUpgradeCheck = 0510;
				ORGANIZATIONNAME = "Murali Korukonda";
				TargetAttributes = {
					F2ED35A918F04A3A00DB942E = {
						TestTargetID = F2ED358818F04A3A00DB942E;
					};
				};
			};
			buildConfigurationList = F2ED358418F04A3A00DB942E /* Build configuration list for PBXProject "DataTypes" */;
			compatibilityVersion = "Xcode 3.2";
			developmentRegion = English;
			hasScannedForEncodings = 0;
			knownRegions = (
				en,
				Base,
			);
			mainGroup = F2ED358018F04A3A00DB942E;
			productRefGroup = F2ED358A18F04A3A00DB942E /* Products */;
			projectDirPath = "";
			projectRoot = "";
			targets = (
				F2ED358818F04A3A00DB942E /* DataTypes */,
				F2ED35A918F04A3A00DB942E /* DataTypesTests */,
			);
		};
/* End PBXProject section */

/* Begin PBXResourcesBuildPhase section */
		F2ED358718F04A3A00DB942E /* Resources */ = {
			isa = PBXResourcesBuildPhase;
			buildActionMask = 2147483647;
			files = (
				F2ED35A518F04A3A00DB942E /* Images.xcassets in Resources */,
				F2ED359718F04A3A00DB942E /* InfoPlist.strings in Resources */,
				F2ED35A018F04A3A00DB942E /* Main.storyboard in Resources */,
			);
			runOnlyForDeploymentPostprocessing = 0;
		};
		F2ED35A818F04A3A00DB942E /* Resources */ = {
			isa = PBXResourcesBuildPhase;
			buildActionMask = 2147483647;
			files = (
				F2ED35B618F04A3A00DB942E /* InfoPlist.strings in Resources */,
			);
			runOnlyForDeploymentPostprocessing = 0;
		};
/* End PBXResourcesBuildPhase section */

/* Begin PBXSourcesBuildPhase section */
		F2ED358518F04A3A00DB942E /* Sources */ = {
			isa = PBXSourcesBuildPhase;
			buildActionMask = 2147483647;
			files = (
				F2ED35A318F04A3A00DB942E /* ViewController.m in Sources */,
				F2ED359D18F04A3A00DB942E /* AppDelegate.m in Sources */,
				F2ED359918F04A3A00DB942E /* main.m in Sources */,
			);
			runOnlyForDeploymentPostprocessing = 0;
		};
		F2ED35A618F04A3A00DB942E /* Sources */ = {
			isa = PBXSourcesBuildPhase;
			buildActionMask = 2147483647;
			files = (
				F2ED35B818F04A3A00DB942E /* DataTypesTests.m in Sources */,
			);
			runOnlyForDeploymentPostprocessing = 0;
		};
/* End PBXSourcesBuildPhase section */

/* Begin PBXTargetDependency section */
		F2ED35B018F04A3A00DB942E /* PBXTargetDependency */ = {
			isa = PBXTargetDependency;
			target = F2ED358818F04A3A00DB942E /* DataTypes */;
			targetProxy = F2ED35AF18F04A3A00DB942E /* PBXContainerItemProxy */;
		};
/* End PBXTargetDependency section */

/* Begin PBXVariantGroup section */
		F2ED359518F04A3A00DB942E /* InfoPlist.strings */ = {
			isa = PBXVariantGroup;
			children = (
				F2ED359618F04A3A00DB942E /* en */,
			);
			name = InfoPlist.strings;
			sourceTree = "<group>";
		};
		F2ED359E18F04A3A00DB942E /* Main.storyboard */ = {
			isa = PBXVariantGroup;
			children = (
				F2ED359F18F04A3A00DB942E /* Base */,
			);
			name = Main.storyboard;
			sourceTree = "<group>";
		};
		F2ED35B418F04A3A00DB942E /* InfoPlist.strings */ = {
			isa = PBXVariantGroup;
			children = (
				F2ED35B518F04A3A00DB942E /* en */,
			);
			name = InfoPlist.strings;
			sourceTree = "<group>";
		};
/* End PBXVariantGroup section */

/* Begin XCBuildConfiguration section */
		F2ED35B918F04A3A00DB942E /* Debug */ = {
			isa = XCBuildConfiguration;
			buildSettings = {
				ALWAYS_SEARCH_USER_PATHS = NO;
				CLANG_CXX_LANGUAGE_STANDARD = "gnu++0x";
				CLANG_CXX_LIBRARY = "libc++";
				CLANG_ENABLE_MODULES = YES;
				CLANG_ENABLE_OBJC_ARC = YES;
				CLANG_WARN_BOOL_CONVERSION = YES;
				CLANG_WARN_CONSTANT_CONVERSION = YES;
				CLANG_WARN_DIRECT_OBJC_ISA_USAGE = YES_ERROR;
				CLANG_WARN_EMPTY_BODY = YES;
				CLANG_WARN_ENUM_CONVERSION = YES;
				CLANG_WARN_INT_CONVERSION = YES;
				CLANG_WARN_OBJC_ROOT_CLASS = YES_ERROR;
				CLANG_WARN__DUPLICATE_METHOD_MATCH = YES;
				"CODE_SIGN_IDENTITY[sdk=iphoneos*]" = "iPhone Developer";
				COPY_PHASE_STRIP = NO;
				GCC_C_LANGUAGE_STANDARD = gnu99;
				GCC_DYNAMIC_NO_PIC = NO;
				GCC_OPTIMIZATION_LEVEL = 0;
				GCC_PREPROCESSOR_DEFINITIONS = (
					"DEBUG=1",
					"$(inherited)",
				);
				GCC_SYMBOLS_PRIVATE_EXTERN = NO;
				GCC_WARN_64_TO_32_BIT_CONVERSION = YES;
				GCC_WARN_ABOUT_RETURN_TYPE = YES_ERROR;
				GCC_WARN_UNDECLARED_SELECTOR = YES;
				GCC_WARN_UNINITIALIZED_AUTOS = YES_AGGRESSIVE;
				GCC_WARN_UNUSED_FUNCTION = YES;
				GCC_WARN_UNUSED_VARIABLE = YES;
				IPHONEOS_DEPLOYMENT_TARGET = 7.1;
				ONLY_ACTIVE_ARCH = YES;
				SDKROOT = iphoneos;
			};
			name = Debug;
		};
		F2ED35BA18F04A3A00DB942E /* Release */ = {
			isa = XCBuildConfiguration;
			buildSettings = {
				ALWAYS_SEARCH_USER_PATHS = NO;
				CLANG_CXX_LANGUAGE_STANDARD = "gnu++0x";
				CLANG_CXX_LIBRARY = "libc++";
				CLANG_ENABLE_MODULES = YES;
				CLANG_ENABLE_OBJC_ARC = YES;
				CLANG_WARN_BOOL_CONVERSION = YES;
				CLANG_WARN_CONSTANT_CONVERSION = YES;
				CLANG_WARN_DIRECT_OBJC_ISA_USAGE = YES_ERROR;
				CLANG_WARN_EMPTY_BODY = YES;
				CLANG_WARN_ENUM_CONVERSION = YES;
				CLANG_WARN_INT_CONVERSION = YES;
				CLANG_WARN_OBJC_ROOT_CLASS = YES_ERROR;
				CLANG_WARN__DUPLICATE_METHOD_MATCH = YES;
				"CODE_SIGN_IDENTITY[sdk=iphoneos*]" = "iPhone Developer";
				COPY_PHASE_STRIP = YES;
				ENABLE_NS_ASSERTIONS = NO;
				GCC_C_LANGUAGE_STANDARD = gnu99;
				GCC_WARN_64_TO_32_BIT_CONVERSION = YES;
				GCC_WARN_ABOUT_RETURN_TYPE = YES_ERROR;
				GCC_WARN_UNDECLARED_SELECTOR = YES;
				GCC_WARN_UNINITIALIZED_AUTOS = YES_AGGRESSIVE;
				GCC_WARN_UNUSED_FUNCTION = YES;
				GCC_WARN_UNUSED_VARIABLE = YES;
				IPHONEOS_DEPLOYMENT_TARGET = 7.1;
				SDKROOT = iphoneos;
				VALIDATE_PRODUCT = YES;
			};
			name = Release;
		};
		F2ED35BC18F04A3A00DB942E /* Debug */ = {
			isa = XCBuildConfiguration;
			buildSettings = {
				ASSETCATALOG_COMPILER_APPICON_NAME = AppIcon;
				ASSETCATALOG_COMPILER_LAUNCHIMAGE_NAME = LaunchImage;
				GCC_PRECOMPILE_PREFIX_HEADER = YES;
				GCC_PREFIX_HEADER = "DataTypes/DataTypes-Prefix.pch";
				INFOPLIST_FILE = "DataTypes/DataTypes-Info.plist";
				PRODUCT_NAME = "$(TARGET_NAME)";
				WRAPPER_EXTENSION = app;
			};
			name = Debug;
		};
		F2ED35BD18F04A3A00DB942E /* Release */ = {
			isa = XCBuildConfiguration;
			buildSettings = {
				ASSETCATALOG_COMPILER_APPICON_NAME = AppIcon;
				ASSETCATALOG_COMPILER_LAUNCHIMAGE_NAME = LaunchImage;
				GCC_PRECOMPILE_PREFIX_HEADER = YES;
				GCC_PREFIX_HEADER = "DataTypes/DataTypes-Prefix.pch";
				INFOPLIST_FILE = "DataTypes/DataTypes-Info.plist";
				PRODUCT_NAME = "$(TARGET_NAME)";
				WRAPPER_EXTENSION = app;
			};
			name = Release;
		};
		F2ED35BF18F04A3A00DB942E /* Debug */ = {
			isa = XCBuildConfiguration;
			buildSettings = {
				BUNDLE_LOADER = "$(BUILT_PRODUCTS_DIR)/DataTypes.app/DataTypes";
				FRAMEWORK_SEARCH_PATHS = (
					"$(SDKROOT)/Developer/Library/Frameworks",
					"$(inherited)",
					"$(DEVELOPER_FRAMEWORKS_DIR)",
				);
				GCC_PRECOMPILE_PREFIX_HEADER = YES;
				GCC_PREFIX_HEADER = "DataTypes/DataTypes-Prefix.pch";
				GCC_PREPROCESSOR_DEFINITIONS = (
					"DEBUG=1",
					"$(inherited)",
				);
				INFOPLIST_FILE = "DataTypesTests/DataTypesTests-Info.plist";
				PRODUCT_NAME = "$(TARGET_NAME)";
				TEST_HOST = "$(BUNDLE_LOADER)";
				WRAPPER_EXTENSION = xctest;
			};
			name = Debug;
		};
		F2ED35C018F04A3A00DB942E /* Release */ = {
			isa = XCBuildConfiguration;
			buildSettings = {
				BUNDLE_LOADER = "$(BUILT_PRODUCTS_DIR)/DataTypes.app/DataTypes";
				FRAMEWORK_SEARCH_PATHS = (
					"$(SDKROOT)/Developer/Library/Frameworks",
					"$(inherited)",
					"$(DEVELOPER_FRAMEWORKS_DIR)",
				);
				GCC_PRECOMPILE_PREFIX_HEADER = YES;
				GCC_PREFIX_HEADER = "DataTypes/DataTypes-Prefix.pch";
				INFOPLIST_FILE = "DataTypesTests/DataTypesTests-Info.plist";
				PRODUCT_NAME = "$(TARGET_NAME)";
				TEST_HOST = "$(BUNDLE_LOADER)";
				WRAPPER_EXTENSION = xctest;
			};
			name = Release;
		};
/* End XCBuildConfiguration section */

/* Begin XCConfigurationList section */
		F2ED358418F04A3A00DB942E /* Build configuration list for PBXProject "DataTypes" */ = {
			isa = XCConfigurationList;
			buildConfigurations = (
				F2ED35B918F04A3A00DB942E /* Debug */,
				F2ED35BA18F04A3A00DB942E /* Release */,
			);
			defaultConfigurationIsVisible = 0;
			defaultConfigurationName = Release;
		};
		F2ED35BB18F04A3A00DB942E /* Build configuration list for PBXNativeTarget "DataTypes" */ = {
			isa = XCConfigurationList;
			buildConfigurations = (
				F2ED35BC18F04A3A00DB942E /* Debug */,
				F2ED35BD18F04A3A00DB942E /* Release */,
			);
			defaultConfigurationIsVisible = 0;
		};
		F2ED35BE18F04A3A00DB942E /* Build configuration list for PBXNativeTarget "DataTypesTests" */ = {
			isa = XCConfigurationList;
			buildConfigurations = (
				F2ED35BF18F04A3A00DB942E /* Debug */,
				F2ED35C018F04A3A00DB942E /* Release */,
			);
			defaultConfigurationIsVisible = 0;
		};
/* End XCConfigurationList section */
	};
	rootObject = F2ED358118F04A3A00DB942E /* Project object */;
}
