<?xml version="1.0" encoding="UTF-8"?>
<Scheme
   LastUpgradeVersion = "0620"
   version = "1.3">
   <BuildAction
      parallelizeBuildables = "YES"
      buildImplicitDependencies = "YES">
      <BuildActionEntries>
         <BuildActionEntry
            buildForTesting = "YES"
            buildForRunning = "YES"
            buildForProfiling = "YES"
            buildForArchiving = "YES"
            buildForAnalyzing = "YES">
            <BuildableReference
               BuildableIdentifier = "primary"
               BlueprintIdentifier = "78E650A91A1E920E006D2242"
               BuildableName = "MoodTracker Watch App.app"
               BlueprintName = "MoodTracker Watch App"
               ReferencedContainer = "container:MoodTracker.xcodeproj">
            </BuildableReference>
         </BuildActionEntry>
         <BuildActionEntry
            buildForTesting = "YES"
            buildForRunning = "YES"
            buildForProfiling = "YES"
            buildForArchiving = "YES"
            buildForAnalyzing = "YES">
            <BuildableReference
               BuildableIdentifier = "primary"
               BlueprintIdentifier = "78E650731A1E8F45006D2242"
               BuildableName = "MoodTracker.app"
               BlueprintName = "MoodTracker"
               ReferencedContainer = "container:MoodTracker.xcodeproj">
            </BuildableReference>
         </BuildActionEntry>
         <BuildActionEntry
            buildForTesting = "YES"
            buildForRunning = "YES"
            buildForProfiling = "YES"
            buildForArchiving = "YES"
            buildForAnalyzing = "YES">
            <BuildableReference
               BuildableIdentifier = "primary"
               BlueprintIdentifier = "78E6509C1A1E920E006D2242"
               BuildableName = "MoodTracker WatchKit Extension.appex"
               BlueprintName = "MoodTracker WatchKit Extension"
               ReferencedContainer = "container:MoodTracker.xcodeproj">
            </BuildableReference>
         </BuildActionEntry>
      </BuildActionEntries>
   </BuildAction>
   <TestAction
      selectedDebuggerIdentifier = "Xcode.DebuggerFoundation.Debugger.LLDB"
      selectedLauncherIdentifier = "Xcode.DebuggerFoundation.Launcher.LLDB"
      shouldUseLaunchSchemeArgsEnv = "YES"
      buildConfiguration = "Debug">
      <Testables>
      </Testables>
      <MacroExpansion>
         <BuildableReference
            BuildableIdentifier = "primary"
            BlueprintIdentifier = "78E650A91A1E920E006D2242"
            BuildableName = "MoodTracker Watch App.app"
            BlueprintName = "MoodTracker Watch App"
            ReferencedContainer = "container:MoodTracker.xcodeproj">
         </BuildableReference>
      </MacroExpansion>
   </TestAction>
   <LaunchAction
      selectedDebuggerIdentifier = "Xcode.DebuggerFoundation.Debugger.LLDB"
      selectedLauncherIdentifier = "Xcode.DebuggerFoundation.Launcher.LLDB"
      launchStyle = "0"
      useCustomWorkingDirectory = "NO"
      buildConfiguration = "Debug"
      ignoresPersistentStateOnLaunch = "NO"
      debugDocumentVersioning = "YES"
      allowLocationSimulation = "YES">
      <RemoteRunnable
         runnableDebuggingMode = "2"
         BundleIdentifier = "com.apple.springboard"
         RemotePath = "/MoodTracker">
         <BuildableReference
            BuildableIdentifier = "primary"
            BlueprintIdentifier = "78E650A91A1E920E006D2242"
            BuildableName = "MoodTracker Watch App.app"
            BlueprintName = "MoodTracker Watch App"
            ReferencedContainer = "container:MoodTracker.xcodeproj">
         </BuildableReference>
      </RemoteRunnable>
      <MacroExpansion>
         <BuildableReference
            BuildableIdentifier = "primary"
            BlueprintIdentifier = "78E650A91A1E920E006D2242"
            BuildableName = "MoodTracker Watch App.app"
            BlueprintName = "MoodTracker Watch App"
            ReferencedContainer = "container:MoodTracker.xcodeproj">
         </BuildableReference>
      </MacroExpansion>
      <AdditionalOptions>
      </AdditionalOptions>
   </LaunchAction>
   <ProfileAction
      shouldUseLaunchSchemeArgsEnv = "YES"
      savedToolIdentifier = ""
      useCustomWorkingDirectory = "NO"
      buildConfiguration = "Release"
      debugDocumentVersioning = "YES">
      <RemoteRunnable
         runnableDebuggingMode = "2"
         BundleIdentifier = "com.apple.springboard"
         RemotePath = "/MoodTracker">
         <BuildableReference
            BuildableIdentifier = "primary"
            BlueprintIdentifier = "78E650A91A1E920E006D2242"
            BuildableName = "MoodTracker Watch App.app"
            BlueprintName = "MoodTracker Watch App"
            ReferencedContainer = "container:MoodTracker.xcodeproj">
         </BuildableReference>
      </RemoteRunnable>
      <MacroExpansion>
         <BuildableReference
            BuildableIdentifier = "primary"
            BlueprintIdentifier = "78E650A91A1E920E006D2242"
            BuildableName = "MoodTracker Watch App.app"
            BlueprintName = "MoodTracker Watch App"
            ReferencedContainer = "container:MoodTracker.xcodeproj">
         </BuildableReference>
      </MacroExpansion>
   </ProfileAction>
   <AnalyzeAction
      buildConfiguration = "Debug">
   </AnalyzeAction>
   <ArchiveAction
      buildConfiguration = "Release"
      revealArchiveInOrganizer = "YES">
   </ArchiveAction>
</Scheme>
